// !$*UTF8*$!
{
	archiveVersion = 1;
	classes = {
	};
	objectVersion = 56;
	objects = {

/* Begin PBXBuildFile section */
		AB00535D2C0C9EBB001ACFFF /* NotAvailablePhotoView.swift in Sources */ = {isa = PBXBuildFile; fileRef = AB00535C2C0C9EBB001ACFFF /* NotAvailablePhotoView.swift */; };
		AB1E1B5B2C21FBE600DB4970 /* CardView.swift in Sources */ = {isa = PBXBuildFile; fileRef = AB1E1B5A2C21FBE600DB4970 /* CardView.swift */; };
		AB1E1B5D2C221EC100DB4970 /* SupportedLanguages.swift in Sources */ = {isa = PBXBuildFile; fileRef = AB1E1B5C2C221EC100DB4970 /* SupportedLanguages.swift */; };
		AB1E1B602C221F0A00DB4970 /* TranslationService.swift in Sources */ = {isa = PBXBuildFile; fileRef = AB1E1B5F2C221F0A00DB4970 /* TranslationService.swift */; };
		AB1E1B652C2220E800DB4970 /* TextInputView.swift in Sources */ = {isa = PBXBuildFile; fileRef = AB1E1B642C2220E800DB4970 /* TextInputView.swift */; };
		AB89149C2BF9042A00FCB2FC /* WordListViewModel.swift in Sources */ = {isa = PBXBuildFile; fileRef = AB89149B2BF9042A00FCB2FC /* WordListViewModel.swift */; };
		AB8914A12BF945FC00FCB2FC /* CardStackView.swift in Sources */ = {isa = PBXBuildFile; fileRef = AB8914A02BF945FC00FCB2FC /* CardStackView.swift */; };
		AB8914A72BF9E64F00FCB2FC /* WordDetailView.swift in Sources */ = {isa = PBXBuildFile; fileRef = AB8914A62BF9E64F00FCB2FC /* WordDetailView.swift */; };
		ABA830702BF0F502001D7E4C /* SnapLearnApp.swift in Sources */ = {isa = PBXBuildFile; fileRef = ABA8306F2BF0F502001D7E4C /* SnapLearnApp.swift */; };
		ABA830722BF0F502001D7E4C /* ContentView.swift in Sources */ = {isa = PBXBuildFile; fileRef = ABA830712BF0F502001D7E4C /* ContentView.swift */; };
		ABA830742BF0F503001D7E4C /* Assets.xcassets in Resources */ = {isa = PBXBuildFile; fileRef = ABA830732BF0F503001D7E4C /* Assets.xcassets */; };
		ABA830772BF0F503001D7E4C /* Preview Assets.xcassets in Resources */ = {isa = PBXBuildFile; fileRef = ABA830762BF0F503001D7E4C /* Preview Assets.xcassets */; };
		ABA830812BF0F7E6001D7E4C /* WordEntity.swift in Sources */ = {isa = PBXBuildFile; fileRef = ABA830802BF0F7E6001D7E4C /* WordEntity.swift */; };
		ABA830852BF101FE001D7E4C /* DefinitionViewModel.swift in Sources */ = {isa = PBXBuildFile; fileRef = ABA830842BF101FE001D7E4C /* DefinitionViewModel.swift */; };
		ABA830892BF10459001D7E4C /* DefinitionView.swift in Sources */ = {isa = PBXBuildFile; fileRef = ABA830882BF10459001D7E4C /* DefinitionView.swift */; };
		ABA8308B2BF10484001D7E4C /* WordListView.swift in Sources */ = {isa = PBXBuildFile; fileRef = ABA8308A2BF10484001D7E4C /* WordListView.swift */; };
		ABA8308D2BF10991001D7E4C /* WordModel.swift in Sources */ = {isa = PBXBuildFile; fileRef = ABA8308C2BF10991001D7E4C /* WordModel.swift */; };
		ABA8308F2BF11913001D7E4C /* ScanButton.swift in Sources */ = {isa = PBXBuildFile; fileRef = ABA8308E2BF11913001D7E4C /* ScanButton.swift */; };
		ABCE6C172C16160400EA937D /* MeaningDetailView.swift in Sources */ = {isa = PBXBuildFile; fileRef = ABCE6C162C16160400EA937D /* MeaningDetailView.swift */; };
		ABE5F7E22BFA975800C7DF50 /* Unsplash.swift in Sources */ = {isa = PBXBuildFile; fileRef = ABE5F7E12BFA975800C7DF50 /* Unsplash.swift */; };
		ABE5F7E52BFA98A200C7DF50 /* Kingfisher in Frameworks */ = {isa = PBXBuildFile; productRef = ABE5F7E42BFA98A200C7DF50 /* Kingfisher */; };
		ABEBDE2A2C1EF3F300374164 /* LanguagePickerView.swift in Sources */ = {isa = PBXBuildFile; fileRef = ABEBDE292C1EF3F300374164 /* LanguagePickerView.swift */; };
/* End PBXBuildFile section */

/* Begin PBXFileReference section */
		AB00535C2C0C9EBB001ACFFF /* NotAvailablePhotoView.swift */ = {isa = PBXFileReference; lastKnownFileType = sourcecode.swift; path = NotAvailablePhotoView.swift; sourceTree = "<group>"; };
		AB1E1B5A2C21FBE600DB4970 /* CardView.swift */ = {isa = PBXFileReference; lastKnownFileType = sourcecode.swift; path = CardView.swift; sourceTree = "<group>"; };
		AB1E1B5C2C221EC100DB4970 /* SupportedLanguages.swift */ = {isa = PBXFileReference; lastKnownFileType = sourcecode.swift; path = SupportedLanguages.swift; sourceTree = "<group>"; };
		AB1E1B5F2C221F0A00DB4970 /* TranslationService.swift */ = {isa = PBXFileReference; lastKnownFileType = sourcecode.swift; path = TranslationService.swift; sourceTree = "<group>"; };
		AB1E1B642C2220E800DB4970 /* TextInputView.swift */ = {isa = PBXFileReference; lastKnownFileType = sourcecode.swift; path = TextInputView.swift; sourceTree = "<group>"; };
		AB89149B2BF9042A00FCB2FC /* WordListViewModel.swift */ = {isa = PBXFileReference; lastKnownFileType = sourcecode.swift; path = WordListViewModel.swift; sourceTree = "<group>"; };
		AB8914A02BF945FC00FCB2FC /* CardStackView.swift */ = {isa = PBXFileReference; lastKnownFileType = sourcecode.swift; path = CardStackView.swift; sourceTree = "<group>"; };
		AB8914A62BF9E64F00FCB2FC /* WordDetailView.swift */ = {isa = PBXFileReference; lastKnownFileType = sourcecode.swift; path = WordDetailView.swift; sourceTree = "<group>"; };
		ABA8306C2BF0F502001D7E4C /* SnapLearn.app */ = {isa = PBXFileReference; explicitFileType = wrapper.application; includeInIndex = 0; path = SnapLearn.app; sourceTree = BUILT_PRODUCTS_DIR; };
		ABA8306F2BF0F502001D7E4C /* SnapLearnApp.swift */ = {isa = PBXFileReference; lastKnownFileType = sourcecode.swift; path = SnapLearnApp.swift; sourceTree = "<group>"; };
		ABA830712BF0F502001D7E4C /* ContentView.swift */ = {isa = PBXFileReference; lastKnownFileType = sourcecode.swift; path = ContentView.swift; sourceTree = "<group>"; };
		ABA830732BF0F503001D7E4C /* Assets.xcassets */ = {isa = PBXFileReference; lastKnownFileType = folder.assetcatalog; path = Assets.xcassets; sourceTree = "<group>"; };
		ABA830762BF0F503001D7E4C /* Preview Assets.xcassets */ = {isa = PBXFileReference; lastKnownFileType = folder.assetcatalog; path = "Preview Assets.xcassets"; sourceTree = "<group>"; };
		ABA830802BF0F7E6001D7E4C /* WordEntity.swift */ = {isa = PBXFileReference; lastKnownFileType = sourcecode.swift; path = WordEntity.swift; sourceTree = "<group>"; };
		ABA830842BF101FE001D7E4C /* DefinitionViewModel.swift */ = {isa = PBXFileReference; lastKnownFileType = sourcecode.swift; path = DefinitionViewModel.swift; sourceTree = "<group>"; };
		ABA830882BF10459001D7E4C /* DefinitionView.swift */ = {isa = PBXFileReference; lastKnownFileType = sourcecode.swift; path = DefinitionView.swift; sourceTree = "<group>"; };
		ABA8308A2BF10484001D7E4C /* WordListView.swift */ = {isa = PBXFileReference; lastKnownFileType = sourcecode.swift; path = WordListView.swift; sourceTree = "<group>"; };
		ABA8308C2BF10991001D7E4C /* WordModel.swift */ = {isa = PBXFileReference; lastKnownFileType = sourcecode.swift; path = WordModel.swift; sourceTree = "<group>"; };
		ABA8308E2BF11913001D7E4C /* ScanButton.swift */ = {isa = PBXFileReference; lastKnownFileType = sourcecode.swift; path = ScanButton.swift; sourceTree = "<group>"; };
		ABCE6C162C16160400EA937D /* MeaningDetailView.swift */ = {isa = PBXFileReference; lastKnownFileType = sourcecode.swift; path = MeaningDetailView.swift; sourceTree = "<group>"; };
		ABE5F7E12BFA975800C7DF50 /* Unsplash.swift */ = {isa = PBXFileReference; lastKnownFileType = sourcecode.swift; path = Unsplash.swift; sourceTree = "<group>"; };
		ABEBDE292C1EF3F300374164 /* LanguagePickerView.swift */ = {isa = PBXFileReference; lastKnownFileType = sourcecode.swift; path = LanguagePickerView.swift; sourceTree = "<group>"; };
/* End PBXFileReference section */

/* Begin PBXFrameworksBuildPhase section */
		ABA830692BF0F502001D7E4C /* Frameworks */ = {
			isa = PBXFrameworksBuildPhase;
			buildActionMask = 2147483647;
			files = (
				ABE5F7E52BFA98A200C7DF50 /* Kingfisher in Frameworks */,
			);
			runOnlyForDeploymentPostprocessing = 0;
		};
/* End PBXFrameworksBuildPhase section */

/* Begin PBXGroup section */
		AB1E1B5E2C221F0300DB4970 /* Service */ = {
			isa = PBXGroup;
			children = (
				AB1E1B5F2C221F0A00DB4970 /* TranslationService.swift */,
			);
			path = Service;
			sourceTree = "<group>";
		};
		AB1E1B612C22203000DB4970 /* Models */ = {
			isa = PBXGroup;
			children = (
				AB1E1B5C2C221EC100DB4970 /* SupportedLanguages.swift */,
				ABA830802BF0F7E6001D7E4C /* WordEntity.swift */,
				ABA8308C2BF10991001D7E4C /* WordModel.swift */,
			);
			path = Models;
			sourceTree = "<group>";
		};
		AB1E1B622C22204600DB4970 /* New Group */ = {
			isa = PBXGroup;
			children = (
			);
			path = "New Group";
			sourceTree = "<group>";
		};
		AB1E1B662C2222E800DB4970 /* ReusableViews */ = {
			isa = PBXGroup;
			children = (
				ABA8308E2BF11913001D7E4C /* ScanButton.swift */,
				AB1E1B642C2220E800DB4970 /* TextInputView.swift */,
				ABEBDE292C1EF3F300374164 /* LanguagePickerView.swift */,
			);
			path = ReusableViews;
			sourceTree = "<group>";
		};
		AB89149A2BF9041600FCB2FC /* WordListModule */ = {
			isa = PBXGroup;
			children = (
				AB1E1B622C22204600DB4970 /* New Group */,
				AB89149D2BF9451100FCB2FC /* View */,
				AB8914A52BF9E51800FCB2FC /* ViewModel */,
				AB00535C2C0C9EBB001ACFFF /* NotAvailablePhotoView.swift */,
			);
			path = WordListModule;
			sourceTree = "<group>";
		};
		AB89149D2BF9451100FCB2FC /* View */ = {
			isa = PBXGroup;
			children = (
				ABA8308A2BF10484001D7E4C /* WordListView.swift */,
				AB8914A62BF9E64F00FCB2FC /* WordDetailView.swift */,
				AB8914A02BF945FC00FCB2FC /* CardStackView.swift */,
				ABE5F7DB2BF9F1C800C7DF50 /* CardView */,
			);
			path = View;
			sourceTree = "<group>";
		};
		AB8914A22BF9E4FB00FCB2FC /* DefinitionModule */ = {
			isa = PBXGroup;
			children = (
				AB8914A42BF9E50E00FCB2FC /* ViewModel */,
				AB8914A32BF9E50900FCB2FC /* View */,
			);
			path = DefinitionModule;
			sourceTree = "<group>";
		};
		AB8914A32BF9E50900FCB2FC /* View */ = {
			isa = PBXGroup;
			children = (
				AB1E1B662C2222E800DB4970 /* ReusableViews */,
				ABA830882BF10459001D7E4C /* DefinitionView.swift */,
				ABCE6C162C16160400EA937D /* MeaningDetailView.swift */,
			);
			path = View;
			sourceTree = "<group>";
		};
		AB8914A42BF9E50E00FCB2FC /* ViewModel */ = {
			isa = PBXGroup;
			children = (
				ABA830842BF101FE001D7E4C /* DefinitionViewModel.swift */,
			);
			path = ViewModel;
			sourceTree = "<group>";
		};
		AB8914A52BF9E51800FCB2FC /* ViewModel */ = {
			isa = PBXGroup;
			children = (
				AB89149B2BF9042A00FCB2FC /* WordListViewModel.swift */,
			);
			path = ViewModel;
			sourceTree = "<group>";
		};
		ABA830632BF0F502001D7E4C = {
			isa = PBXGroup;
			children = (
				ABA8306E2BF0F502001D7E4C /* SnapLearn */,
				ABA8306D2BF0F502001D7E4C /* Products */,
			);
			sourceTree = "<group>";
		};
		ABA8306D2BF0F502001D7E4C /* Products */ = {
			isa = PBXGroup;
			children = (
				ABA8306C2BF0F502001D7E4C /* SnapLearn.app */,
			);
			name = Products;
			sourceTree = "<group>";
		};
		ABA8306E2BF0F502001D7E4C /* SnapLearn */ = {
			isa = PBXGroup;
			children = (
				ABA8306F2BF0F502001D7E4C /* SnapLearnApp.swift */,
				ABA830712BF0F502001D7E4C /* ContentView.swift */,
				ABA8307F2BF0F7DB001D7E4C /* Shared */,
				AB8914A22BF9E4FB00FCB2FC /* DefinitionModule */,
				AB89149A2BF9041600FCB2FC /* WordListModule */,
				ABE5F7E02BFA974600C7DF50 /* Network */,
				ABA830732BF0F503001D7E4C /* Assets.xcassets */,
				ABA830752BF0F503001D7E4C /* Preview Content */,
			);
			path = SnapLearn;
			sourceTree = "<group>";
		};
		ABA830752BF0F503001D7E4C /* Preview Content */ = {
			isa = PBXGroup;
			children = (
				ABA830762BF0F503001D7E4C /* Preview Assets.xcassets */,
			);
			path = "Preview Content";
			sourceTree = "<group>";
		};
		ABA8307F2BF0F7DB001D7E4C /* Shared */ = {
			isa = PBXGroup;
			children = (
				AB1E1B5E2C221F0300DB4970 /* Service */,
				AB1E1B612C22203000DB4970 /* Models */,
			);
			path = Shared;
			sourceTree = "<group>";
		};
		ABE5F7DB2BF9F1C800C7DF50 /* CardView */ = {
			isa = PBXGroup;
			children = (
				AB1E1B5A2C21FBE600DB4970 /* CardView.swift */,
			);
			path = CardView;
			sourceTree = "<group>";
		};
		ABE5F7E02BFA974600C7DF50 /* Network */ = {
			isa = PBXGroup;
			children = (
				ABE5F7E12BFA975800C7DF50 /* Unsplash.swift */,
			);
			path = Network;
			sourceTree = "<group>";
		};
/* End PBXGroup section */

/* Begin PBXNativeTarget section */
		ABA8306B2BF0F502001D7E4C /* SnapLearn */ = {
			isa = PBXNativeTarget;
			buildConfigurationList = ABA8307A2BF0F503001D7E4C /* Build configuration list for PBXNativeTarget "SnapLearn" */;
			buildPhases = (
				ABA830682BF0F502001D7E4C /* Sources */,
				ABA830692BF0F502001D7E4C /* Frameworks */,
				ABA8306A2BF0F502001D7E4C /* Resources */,
			);
			buildRules = (
			);
			dependencies = (
			);
			name = SnapLearn;
			packageProductDependencies = (
				ABE5F7E42BFA98A200C7DF50 /* Kingfisher */,
			);
			productName = SnapLearn;
			productReference = ABA8306C2BF0F502001D7E4C /* SnapLearn.app */;
			productType = "com.apple.product-type.application";
		};
/* End PBXNativeTarget section */

/* Begin PBXProject section */
		ABA830642BF0F502001D7E4C /* Project object */ = {
			isa = PBXProject;
			attributes = {
				BuildIndependentTargetsInParallel = 1;
				LastSwiftUpdateCheck = 1530;
				LastUpgradeCheck = 1530;
				TargetAttributes = {
					ABA8306B2BF0F502001D7E4C = {
						CreatedOnToolsVersion = 15.3;
					};
				};
			};
			buildConfigurationList = ABA830672BF0F502001D7E4C /* Build configuration list for PBXProject "SnapLearn" */;
			compatibilityVersion = "Xcode 14.0";
			developmentRegion = en;
			hasScannedForEncodings = 0;
			knownRegions = (
				en,
				Base,
			);
			mainGroup = ABA830632BF0F502001D7E4C;
			packageReferences = (
				ABE5F7E32BFA98A200C7DF50 /* XCRemoteSwiftPackageReference "Kingfisher" */,
			);
			productRefGroup = ABA8306D2BF0F502001D7E4C /* Products */;
			projectDirPath = "";
			projectRoot = "";
			targets = (
				ABA8306B2BF0F502001D7E4C /* SnapLearn */,
			);
		};
/* End PBXProject section */

/* Begin PBXResourcesBuildPhase section */
		ABA8306A2BF0F502001D7E4C /* Resources */ = {
			isa = PBXResourcesBuildPhase;
			buildActionMask = 2147483647;
			files = (
				ABA830772BF0F503001D7E4C /* Preview Assets.xcassets in Resources */,
				ABA830742BF0F503001D7E4C /* Assets.xcassets in Resources */,
			);
			runOnlyForDeploymentPostprocessing = 0;
		};
/* End PBXResourcesBuildPhase section */

/* Begin PBXSourcesBuildPhase section */
		ABA830682BF0F502001D7E4C /* Sources */ = {
			isa = PBXSourcesBuildPhase;
			buildActionMask = 2147483647;
			files = (
				AB8914A12BF945FC00FCB2FC /* CardStackView.swift in Sources */,
				ABA830722BF0F502001D7E4C /* ContentView.swift in Sources */,
				ABA8308D2BF10991001D7E4C /* WordModel.swift in Sources */,
				ABA830892BF10459001D7E4C /* DefinitionView.swift in Sources */,
				ABA830812BF0F7E6001D7E4C /* WordEntity.swift in Sources */,
				ABEBDE2A2C1EF3F300374164 /* LanguagePickerView.swift in Sources */,
				ABA8308B2BF10484001D7E4C /* WordListView.swift in Sources */,
				AB1E1B602C221F0A00DB4970 /* TranslationService.swift in Sources */,
				AB1E1B5B2C21FBE600DB4970 /* CardView.swift in Sources */,
				ABCE6C172C16160400EA937D /* MeaningDetailView.swift in Sources */,
				ABA830852BF101FE001D7E4C /* DefinitionViewModel.swift in Sources */,
				AB1E1B5D2C221EC100DB4970 /* SupportedLanguages.swift in Sources */,
				AB1E1B652C2220E800DB4970 /* TextInputView.swift in Sources */,
				AB00535D2C0C9EBB001ACFFF /* NotAvailablePhotoView.swift in Sources */,
				ABA8308F2BF11913001D7E4C /* ScanButton.swift in Sources */,
				AB8914A72BF9E64F00FCB2FC /* WordDetailView.swift in Sources */,
				ABE5F7E22BFA975800C7DF50 /* Unsplash.swift in Sources */,
				AB89149C2BF9042A00FCB2FC /* WordListViewModel.swift in Sources */,
				ABA830702BF0F502001D7E4C /* SnapLearnApp.swift in Sources */,
			);
			runOnlyForDeploymentPostprocessing = 0;
		};
/* End PBXSourcesBuildPhase section */

/* Begin XCBuildConfiguration section */
		ABA830782BF0F503001D7E4C /* Debug */ = {
			isa = XCBuildConfiguration;
			buildSettings = {
				ALWAYS_SEARCH_USER_PATHS = NO;
				ASSETCATALOG_COMPILER_GENERATE_SWIFT_ASSET_SYMBOL_EXTENSIONS = YES;
				CLANG_ANALYZER_NONNULL = YES;
				CLANG_ANALYZER_NUMBER_OBJECT_CONVERSION = YES_AGGRESSIVE;
				CLANG_CXX_LANGUAGE_STANDARD = "gnu++20";
				CLANG_ENABLE_MODULES = YES;
				CLANG_ENABLE_OBJC_ARC = YES;
				CLANG_ENABLE_OBJC_WEAK = YES;
				CLANG_WARN_BLOCK_CAPTURE_AUTORELEASING = YES;
				CLANG_WARN_BOOL_CONVERSION = YES;
				CLANG_WARN_COMMA = YES;
				CLANG_WARN_CONSTANT_CONVERSION = YES;
				CLANG_WARN_DEPRECATED_OBJC_IMPLEMENTATIONS = YES;
				CLANG_WARN_DIRECT_OBJC_ISA_USAGE = YES_ERROR;
				CLANG_WARN_DOCUMENTATION_COMMENTS = YES;
				CLANG_WARN_EMPTY_BODY = YES;
				CLANG_WARN_ENUM_CONVERSION = YES;
				CLANG_WARN_INFINITE_RECURSION = YES;
				CLANG_WARN_INT_CONVERSION = YES;
				CLANG_WARN_NON_LITERAL_NULL_CONVERSION = YES;
				CLANG_WARN_OBJC_IMPLICIT_RETAIN_SELF = YES;
				CLANG_WARN_OBJC_LITERAL_CONVERSION = YES;
				CLANG_WARN_OBJC_ROOT_CLASS = YES_ERROR;
				CLANG_WARN_QUOTED_INCLUDE_IN_FRAMEWORK_HEADER = YES;
				CLANG_WARN_RANGE_LOOP_ANALYSIS = YES;
				CLANG_WARN_STRICT_PROTOTYPES = YES;
				CLANG_WARN_SUSPICIOUS_MOVE = YES;
				CLANG_WARN_UNGUARDED_AVAILABILITY = YES_AGGRESSIVE;
				CLANG_WARN_UNREACHABLE_CODE = YES;
				CLANG_WARN__DUPLICATE_METHOD_MATCH = YES;
				COPY_PHASE_STRIP = NO;
				DEBUG_INFORMATION_FORMAT = dwarf;
				ENABLE_STRICT_OBJC_MSGSEND = YES;
				ENABLE_TESTABILITY = YES;
				ENABLE_USER_SCRIPT_SANDBOXING = YES;
				GCC_C_LANGUAGE_STANDARD = gnu17;
				GCC_DYNAMIC_NO_PIC = NO;
				GCC_NO_COMMON_BLOCKS = YES;
				GCC_OPTIMIZATION_LEVEL = 0;
				GCC_PREPROCESSOR_DEFINITIONS = (
					"DEBUG=1",
					"$(inherited)",
				);
				GCC_WARN_64_TO_32_BIT_CONVERSION = YES;
				GCC_WARN_ABOUT_RETURN_TYPE = YES_ERROR;
				GCC_WARN_UNDECLARED_SELECTOR = YES;
				GCC_WARN_UNINITIALIZED_AUTOS = YES_AGGRESSIVE;
				GCC_WARN_UNUSED_FUNCTION = YES;
				GCC_WARN_UNUSED_VARIABLE = YES;
				IPHONEOS_DEPLOYMENT_TARGET = 17.4;
				LOCALIZATION_PREFERS_STRING_CATALOGS = YES;
				MTL_ENABLE_DEBUG_INFO = INCLUDE_SOURCE;
				MTL_FAST_MATH = YES;
				ONLY_ACTIVE_ARCH = YES;
				SDKROOT = iphoneos;
				SWIFT_ACTIVE_COMPILATION_CONDITIONS = "DEBUG $(inherited)";
				SWIFT_OPTIMIZATION_LEVEL = "-Onone";
			};
			name = Debug;
		};
		ABA830792BF0F503001D7E4C /* Release */ = {
			isa = XCBuildConfiguration;
			buildSettings = {
				ALWAYS_SEARCH_USER_PATHS = NO;
				ASSETCATALOG_COMPILER_GENERATE_SWIFT_ASSET_SYMBOL_EXTENSIONS = YES;
				CLANG_ANALYZER_NONNULL = YES;
				CLANG_ANALYZER_NUMBER_OBJECT_CONVERSION = YES_AGGRESSIVE;
				CLANG_CXX_LANGUAGE_STANDARD = "gnu++20";
				CLANG_ENABLE_MODULES = YES;
				CLANG_ENABLE_OBJC_ARC = YES;
				CLANG_ENABLE_OBJC_WEAK = YES;
				CLANG_WARN_BLOCK_CAPTURE_AUTORELEASING = YES;
				CLANG_WARN_BOOL_CONVERSION = YES;
				CLANG_WARN_COMMA = YES;
				CLANG_WARN_CONSTANT_CONVERSION = YES;
				CLANG_WARN_DEPRECATED_OBJC_IMPLEMENTATIONS = YES;
				CLANG_WARN_DIRECT_OBJC_ISA_USAGE = YES_ERROR;
				CLANG_WARN_DOCUMENTATION_COMMENTS = YES;
				CLANG_WARN_EMPTY_BODY = YES;
				CLANG_WARN_ENUM_CONVERSION = YES;
				CLANG_WARN_INFINITE_RECURSION = YES;
				CLANG_WARN_INT_CONVERSION = YES;
				CLANG_WARN_NON_LITERAL_NULL_CONVERSION = YES;
				CLANG_WARN_OBJC_IMPLICIT_RETAIN_SELF = YES;
				CLANG_WARN_OBJC_LITERAL_CONVERSION = YES;
				CLANG_WARN_OBJC_ROOT_CLASS = YES_ERROR;
				CLANG_WARN_QUOTED_INCLUDE_IN_FRAMEWORK_HEADER = YES;
				CLANG_WARN_RANGE_LOOP_ANALYSIS = YES;
				CLANG_WARN_STRICT_PROTOTYPES = YES;
				CLANG_WARN_SUSPICIOUS_MOVE = YES;
				CLANG_WARN_UNGUARDED_AVAILABILITY = YES_AGGRESSIVE;
				CLANG_WARN_UNREACHABLE_CODE = YES;
				CLANG_WARN__DUPLICATE_METHOD_MATCH = YES;
				COPY_PHASE_STRIP = NO;
				DEBUG_INFORMATION_FORMAT = "dwarf-with-dsym";
				ENABLE_NS_ASSERTIONS = NO;
				ENABLE_STRICT_OBJC_MSGSEND = YES;
				ENABLE_USER_SCRIPT_SANDBOXING = YES;
				GCC_C_LANGUAGE_STANDARD = gnu17;
				GCC_NO_COMMON_BLOCKS = YES;
				GCC_WARN_64_TO_32_BIT_CONVERSION = YES;
				GCC_WARN_ABOUT_RETURN_TYPE = YES_ERROR;
				GCC_WARN_UNDECLARED_SELECTOR = YES;
				GCC_WARN_UNINITIALIZED_AUTOS = YES_AGGRESSIVE;
				GCC_WARN_UNUSED_FUNCTION = YES;
				GCC_WARN_UNUSED_VARIABLE = YES;
				IPHONEOS_DEPLOYMENT_TARGET = 17.4;
				LOCALIZATION_PREFERS_STRING_CATALOGS = YES;
				MTL_ENABLE_DEBUG_INFO = NO;
				MTL_FAST_MATH = YES;
				SDKROOT = iphoneos;
				SWIFT_COMPILATION_MODE = wholemodule;
				VALIDATE_PRODUCT = YES;
			};
			name = Release;
		};
		ABA8307B2BF0F503001D7E4C /* Debug */ = {
			isa = XCBuildConfiguration;
			buildSettings = {
				ASSETCATALOG_COMPILER_APPICON_NAME = AppIcon;
				ASSETCATALOG_COMPILER_GLOBAL_ACCENT_COLOR_NAME = AccentColor;
				CODE_SIGN_STYLE = Automatic;
				CURRENT_PROJECT_VERSION = 1;
				DEVELOPMENT_ASSET_PATHS = "\"SnapLearn/Preview Content\"";
				DEVELOPMENT_TEAM = V544T4J767;
				ENABLE_PREVIEWS = YES;
				GENERATE_INFOPLIST_FILE = YES;
				INFOPLIST_KEY_UIApplicationSceneManifest_Generation = YES;
				INFOPLIST_KEY_UIApplicationSupportsIndirectInputEvents = YES;
				INFOPLIST_KEY_UILaunchScreen_Generation = YES;
				INFOPLIST_KEY_UISupportedInterfaceOrientations = UIInterfaceOrientationPortrait;
				INFOPLIST_KEY_UISupportedInterfaceOrientations_iPad = "UIInterfaceOrientationLandscapeLeft UIInterfaceOrientationLandscapeRight UIInterfaceOrientationPortrait UIInterfaceOrientationPortraitUpsideDown";
				IPHONEOS_DEPLOYMENT_TARGET = 17.0;
				LD_RUNPATH_SEARCH_PATHS = (
					"$(inherited)",
					"@executable_path/Frameworks",
				);
				MARKETING_VERSION = 1.0;
				PRODUCT_BUNDLE_IDENTIFIER = com.kosov.SnapLearn;
				PRODUCT_NAME = "$(TARGET_NAME)";
				SUPPORTED_PLATFORMS = "iphoneos iphonesimulator";
				SUPPORTS_MACCATALYST = NO;
				SUPPORTS_MAC_DESIGNED_FOR_IPHONE_IPAD = NO;
				SUPPORTS_XR_DESIGNED_FOR_IPHONE_IPAD = NO;
				SWIFT_EMIT_LOC_STRINGS = YES;
				SWIFT_VERSION = 5.0;
				TARGETED_DEVICE_FAMILY = 1;
			};
			name = Debug;
		};
		ABA8307C2BF0F503001D7E4C /* Release */ = {
			isa = XCBuildConfiguration;
			buildSettings = {
				ASSETCATALOG_COMPILER_APPICON_NAME = AppIcon;
				ASSETCATALOG_COMPILER_GLOBAL_ACCENT_COLOR_NAME = AccentColor;
				CODE_SIGN_STYLE = Automatic;
				CURRENT_PROJECT_VERSION = 1;
				DEVELOPMENT_ASSET_PATHS = "\"SnapLearn/Preview Content\"";
				DEVELOPMENT_TEAM = V544T4J767;
				ENABLE_PREVIEWS = YES;
				GENERATE_INFOPLIST_FILE = YES;
				INFOPLIST_KEY_UIApplicationSceneManifest_Generation = YES;
				INFOPLIST_KEY_UIApplicationSupportsIndirectInputEvents = YES;
				INFOPLIST_KEY_UILaunchScreen_Generation = YES;
				INFOPLIST_KEY_UISupportedInterfaceOrientations = UIInterfaceOrientationPortrait;
				INFOPLIST_KEY_UISupportedInterfaceOrientations_iPad = "UIInterfaceOrientationLandscapeLeft UIInterfaceOrientationLandscapeRight UIInterfaceOrientationPortrait UIInterfaceOrientationPortraitUpsideDown";
				IPHONEOS_DEPLOYMENT_TARGET = 17.0;
				LD_RUNPATH_SEARCH_PATHS = (
					"$(inherited)",
					"@executable_path/Frameworks",
				);
				MARKETING_VERSION = 1.0;
				PRODUCT_BUNDLE_IDENTIFIER = com.kosov.SnapLearn;
				PRODUCT_NAME = "$(TARGET_NAME)";
				SUPPORTED_PLATFORMS = "iphoneos iphonesimulator";
				SUPPORTS_MACCATALYST = NO;
				SUPPORTS_MAC_DESIGNED_FOR_IPHONE_IPAD = NO;
				SUPPORTS_XR_DESIGNED_FOR_IPHONE_IPAD = NO;
				SWIFT_EMIT_LOC_STRINGS = YES;
				SWIFT_VERSION = 5.0;
				TARGETED_DEVICE_FAMILY = 1;
			};
			name = Release;
		};
/* End XCBuildConfiguration section */

/* Begin XCConfigurationList section */
		ABA830672BF0F502001D7E4C /* Build configuration list for PBXProject "SnapLearn" */ = {
			isa = XCConfigurationList;
			buildConfigurations = (
				ABA830782BF0F503001D7E4C /* Debug */,
				ABA830792BF0F503001D7E4C /* Release */,
			);
			defaultConfigurationIsVisible = 0;
			defaultConfigurationName = Release;
		};
		ABA8307A2BF0F503001D7E4C /* Build configuration list for PBXNativeTarget "SnapLearn" */ = {
			isa = XCConfigurationList;
			buildConfigurations = (
				ABA8307B2BF0F503001D7E4C /* Debug */,
				ABA8307C2BF0F503001D7E4C /* Release */,
			);
			defaultConfigurationIsVisible = 0;
			defaultConfigurationName = Release;
		};
/* End XCConfigurationList section */

/* Begin XCRemoteSwiftPackageReference section */
		ABE5F7E32BFA98A200C7DF50 /* XCRemoteSwiftPackageReference "Kingfisher" */ = {
			isa = XCRemoteSwiftPackageReference;
			repositoryURL = "https://github.com/onevcat/Kingfisher.git";
			requirement = {
				kind = upToNextMajorVersion;
				minimumVersion = 7.11.0;
			};
		};
/* End XCRemoteSwiftPackageReference section */

/* Begin XCSwiftPackageProductDependency section */
		ABE5F7E42BFA98A200C7DF50 /* Kingfisher */ = {
			isa = XCSwiftPackageProductDependency;
			package = ABE5F7E32BFA98A200C7DF50 /* XCRemoteSwiftPackageReference "Kingfisher" */;
			productName = Kingfisher;
		};
/* End XCSwiftPackageProductDependency section */
	};
	rootObject = ABA830642BF0F502001D7E4C /* Project object */;
}
